
Microsoft Visual Studio Solution File, Format Version 12.00
# Visual Studio Version 17
VisualStudioVersion = 17.4.33205.214
MinimumVisualStudioVersion = 10.0.40219.1
Project("{FAE04EC0-301F-11D3-BF4B-00C04F79EFBC}") = "TryMEFApp", "TryMEFApp\TryMEFApp.csproj", "{FC277406-6CD4-4160-81D0-F6CFD3F39211}"
EndProject
Project("{FAE04EC0-301F-11D3-BF4B-00C04F79EFBC}") = "Protocol", "Protocol\Protocol.csproj", "{2BD1D66C-F44D-4B15-86C9-981950FEF538}"
EndProject
Project("{FAE04EC0-301F-11D3-BF4B-00C04F79EFBC}") = "BubbleSort", "BubbleSort\BubbleSort.csproj", "{DE084F06-BFF3-41B5-95D0-C34771B56A78}"
EndProject
Project("{FAE04EC0-301F-11D3-BF4B-00C04F79EFBC}") = "ShakerSort", "ShakerSort\ShakerSort.csproj", "{0822FAAE-A1CF-403B-AC3F-BBEAFFB34716}"
EndProject
Project("{FAE04EC0-301F-11D3-BF4B-00C04F79EFBC}") = "PancakeSort", "PancakeSort\PancakeSort.csproj", "{E40FDCE8-9977-45AA-BD74-D5041C7CF87A}"
EndProject
Project("{FAE04EC0-301F-11D3-BF4B-00C04F79EFBC}") = "QuickSort", "QuickSort\QuickSort.csproj", "{103E7527-9C1B-4734-A2F2-15660D55F3B2}"
EndProject
Project("{FAE04EC0-301F-11D3-BF4B-00C04F79EFBC}") = "BogoSort", "BogoSort\BogoSort.csproj", "{7DECADBB-8E84-4F7B-B014-219ACF257123}"
EndProject
Project("{FAE04EC0-301F-11D3-BF4B-00C04F79EFBC}") = "CombSort", "CombSort\CombSort.csproj", "{FE9D7619-1DC7-4A2C-87BD-E60E2C8BF5C9}"
EndProject
Global
	GlobalSection(SolutionConfigurationPlatforms) = preSolution
		Debug|Any CPU = Debug|Any CPU
		Release|Any CPU = Release|Any CPU
	EndGlobalSection
	GlobalSection(ProjectConfigurationPlatforms) = postSolution
		{FC277406-6CD4-4160-81D0-F6CFD3F39211}.Debug|Any CPU.ActiveCfg = Debug|Any CPU
		{FC277406-6CD4-4160-81D0-F6CFD3F39211}.Debug|Any CPU.Build.0 = Debug|Any CPU
		{FC277406-6CD4-4160-81D0-F6CFD3F39211}.Release|Any CPU.ActiveCfg = Release|Any CPU
		{FC277406-6CD4-4160-81D0-F6CFD3F39211}.Release|Any CPU.Build.0 = Release|Any CPU
		{2BD1D66C-F44D-4B15-86C9-981950FEF538}.Debug|Any CPU.ActiveCfg = Debug|Any CPU
		{2BD1D66C-F44D-4B15-86C9-981950FEF538}.Debug|Any CPU.Build.0 = Debug|Any CPU
		{2BD1D66C-F44D-4B15-86C9-981950FEF538}.Release|Any CPU.ActiveCfg = Release|Any CPU
		{2BD1D66C-F44D-4B15-86C9-981950FEF538}.Release|Any CPU.Build.0 = Release|Any CPU
		{DE084F06-BFF3-41B5-95D0-C34771B56A78}.Debug|Any CPU.ActiveCfg = Debug|Any CPU
		{DE084F06-BFF3-41B5-95D0-C34771B56A78}.Debug|Any CPU.Build.0 = Debug|Any CPU
		{DE084F06-BFF3-41B5-95D0-C34771B56A78}.Release|Any CPU.ActiveCfg = Release|Any CPU
		{DE084F06-BFF3-41B5-95D0-C34771B56A78}.Release|Any CPU.Build.0 = Release|Any CPU
		{0822FAAE-A1CF-403B-AC3F-BBEAFFB34716}.Debug|Any CPU.ActiveCfg = Debug|Any CPU
		{0822FAAE-A1CF-403B-AC3F-BBEAFFB34716}.Debug|Any CPU.Build.0 = Debug|Any CPU
		{0822FAAE-A1CF-403B-AC3F-BBEAFFB34716}.Release|Any CPU.ActiveCfg = Release|Any CPU
		{0822FAAE-A1CF-403B-AC3F-BBEAFFB34716}.Release|Any CPU.Build.0 = Release|Any CPU
		{E40FDCE8-9977-45AA-BD74-D5041C7CF87A}.Debug|Any CPU.ActiveCfg = Debug|Any CPU
		{E40FDCE8-9977-45AA-BD74-D5041C7CF87A}.Debug|Any CPU.Build.0 = Debug|Any CPU
		{E40FDCE8-9977-45AA-BD74-D5041C7CF87A}.Release|Any CPU.ActiveCfg = Release|Any CPU
		{E40FDCE8-9977-45AA-BD74-D5041C7CF87A}.Release|Any CPU.Build.0 = Release|Any CPU
		{103E7527-9C1B-4734-A2F2-15660D55F3B2}.Debug|Any CPU.ActiveCfg = Debug|Any CPU
		{103E7527-9C1B-4734-A2F2-15660D55F3B2}.Debug|Any CPU.Build.0 = Debug|Any CPU
		{103E7527-9C1B-4734-A2F2-15660D55F3B2}.Release|Any CPU.ActiveCfg = Release|Any CPU
		{103E7527-9C1B-4734-A2F2-15660D55F3B2}.Release|Any CPU.Build.0 = Release|Any CPU
		{7DECADBB-8E84-4F7B-B014-219ACF257123}.Debug|Any CPU.ActiveCfg = Debug|Any CPU
		{7DECADBB-8E84-4F7B-B014-219ACF257123}.Debug|Any CPU.Build.0 = Debug|Any CPU
		{7DECADBB-8E84-4F7B-B014-219ACF257123}.Release|Any CPU.ActiveCfg = Release|Any CPU
		{7DECADBB-8E84-4F7B-B014-219ACF257123}.Release|Any CPU.Build.0 = Release|Any CPU
		{FE9D7619-1DC7-4A2C-87BD-E60E2C8BF5C9}.Debug|Any CPU.ActiveCfg = Debug|Any CPU
		{FE9D7619-1DC7-4A2C-87BD-E60E2C8BF5C9}.Debug|Any CPU.Build.0 = Debug|Any CPU
		{FE9D7619-1DC7-4A2C-87BD-E60E2C8BF5C9}.Release|Any CPU.ActiveCfg = Release|Any CPU
		{FE9D7619-1DC7-4A2C-87BD-E60E2C8BF5C9}.Release|Any CPU.Build.0 = Release|Any CPU
	EndGlobalSection
	GlobalSection(SolutionProperties) = preSolution
		HideSolutionNode = FALSE
	EndGlobalSection
	GlobalSection(ExtensibilityGlobals) = postSolution
		SolutionGuid = {27A94044-B959-4069-96BB-B8E4A5A8B126}
	EndGlobalSection
EndGlobal
